
Microsoft Visual Studio Solution File, Format Version 12.00
# Visual Studio Version 16
VisualStudioVersion = 16.0.29905.134
MinimumVisualStudioVersion = 10.0.40219.1
Project("{FAE04EC0-301F-11D3-BF4B-00C04F79EFBC}") = "AmazonProject", "AmazonProject\AmazonProject.csproj", "{6327959B-93DE-48F7-9F14-E698E12F957E}"
EndProject
Global
	GlobalSection(SolutionConfigurationPlatforms) = preSolution
		Debug|Any CPU = Debug|Any CPU
		Release|Any CPU = Release|Any CPU
	EndGlobalSection
	GlobalSection(ProjectConfigurationPlatforms) = postSolution
		{6327959B-93DE-48F7-9F14-E698E12F957E}.Debug|Any CPU.ActiveCfg = Debug|Any CPU
		{6327959B-93DE-48F7-9F14-E698E12F957E}.Debug|Any CPU.Build.0 = Debug|Any CPU
		{6327959B-93DE-48F7-9F14-E698E12F957E}.Release|Any CPU.ActiveCfg = Release|Any CPU
		{6327959B-93DE-48F7-9F14-E698E12F957E}.Release|Any CPU.Build.0 = Release|Any CPU
	EndGlobalSection
	GlobalSection(SolutionProperties) = preSolution
		HideSolutionNode = FALSE
	EndGlobalSection
	GlobalSection(ExtensibilityGlobals) = postSolution
		SolutionGuid = {62233CB4-F9F3-4D26-9FE8-EB8A3B70A89C}
	EndGlobalSection
EndGlobal
